# This file was autogenerated by Stack.
# You should not edit this file by hand.
# For more information, please see the documentation at:
#   https://docs.haskellstack.org/en/stable/lock_files

packages:
- completed:
    hackage: random-1.2.1@sha256:8bee24dc0c985a90ee78d94c61f8aed21c49633686f0f1c14c5078d818ee43a2,6598
    pantry-tree:
      sha256: 8bdc994ce41f43624ab42302a881fe5a0f81d965f5d238841e24943664681a06
      size: 1528
  original:
    hackage: random-1.2.1
- completed:
    hackage: deepseq-1.4.8.1@sha256:79362747f088481e90c6dd09b5d7a90d52c4e12e72ffe66efaa23b2fba8b8991,2298
    pantry-tree:
      sha256: 22697256b87675c82610ad3391a373ab7e9751134f387db94c03fbccc726a8f8
      size: 385
  original:
    hackage: deepseq-1.4.8.1
- completed:
    hackage: bytestring-0.11.5.3@sha256:3eee5d3658b657371d0f940f1f38feefc2ebdf8592a32d3d0734f28c61f80ba0,7595
    pantry-tree:
      sha256: bb97a05a67b1ea6c61af66e5abbbb0094bc397c1a930348442a41619026191ee
      size: 4019
  original:
    hackage: bytestring-0.11.5.3
- completed:
    hackage: transformers-0.5.6.2@sha256:6c959d14430f4deffb99579ba019de07c3d852a2122b6f449344386c7d75ff1d,3172
    pantry-tree:
      sha256: c79246ba7d61392c2f214376fed3c2a05e4b2649b93ec2c849a86493f278ace0
      size: 2512
  original:
    hackage: transformers-0.5.6.2@sha256:6c959d14430f4deffb99579ba019de07c3d852a2122b6f449344386c7d75ff1d,3172
- completed:
    hackage: mtl-2.2.2@sha256:1050fb71acd9f5d67da7d992583f5bd0eb14407b9dc7acc122af1b738b706ca3,2261
    pantry-tree:
      sha256: b8bdc2259e2f943a7252fb164805666fe108ac959d398e0af27b43ba2ebc241c
      size: 1713
  original:
    hackage: mtl-2.2.2@sha256:1050fb71acd9f5d67da7d992583f5bd0eb14407b9dc7acc122af1b738b706ca3,2261
snapshots:
- completed:
    sha256: edbd50d7e7c85c13ad5f5835ae2db92fab1e9cf05ecf85340e2622ec0a303df1
    size: 720020
    url: https://raw.githubusercontent.com/commercialhaskell/stackage-snapshots/master/lts/22/34.yaml
  original: lts-22.34
